
Microsoft Visual Studio Solution File, Format Version 12.00
Project("{FAE04EC0-301F-11D3-BF4B-00C04F79EFBC}") = "MiataBot", "MiataBot.csproj", "{86A16883-A4E0-407C-89EB-1E5850A5B61E}"
EndProject
Global
	GlobalSection(SolutionConfigurationPlatforms) = preSolution
		Debug|Any CPU = Debug|Any CPU
		Release|Any CPU = Release|Any CPU
	EndGlobalSection
	GlobalSection(ProjectConfigurationPlatforms) = postSolution
		{86A16883-A4E0-407C-89EB-1E5850A5B61E}.Debug|Any CPU.ActiveCfg = Debug|Any CPU
		{86A16883-A4E0-407C-89EB-1E5850A5B61E}.Debug|Any CPU.Build.0 = Debug|Any CPU
		{86A16883-A4E0-407C-89EB-1E5850A5B61E}.Release|Any CPU.ActiveCfg = Release|Any CPU
		{86A16883-A4E0-407C-89EB-1E5850A5B61E}.Release|Any CPU.Build.0 = Release|Any CPU
	EndGlobalSection
EndGlobal
